
Microsoft Visual Studio Solution File, Format Version 12.00
# Visual Studio Version 17
VisualStudioVersion = 17.5.33502.453
MinimumVisualStudioVersion = 10.0.40219.1
Project("{9A19103F-16F7-4668-BE54-9A1E7A4F7556}") = "Time_TimePeriod", "Time_TimePeriod.csproj", "{AF4396A8-D0EA-4332-A9F1-612570D293FC}"
EndProject
Project("{9A19103F-16F7-4668-BE54-9A1E7A4F7556}") = "Time_and_TimePeriod_Tests", "..\Time_and_TimePeriod_Tests\Time_and_TimePeriod_Tests.csproj", "{5E5D4DA2-8214-46C4-8896-8E59A255E2B6}"
EndProject
Global
	GlobalSection(SolutionConfigurationPlatforms) = preSolution
		Debug|Any CPU = Debug|Any CPU
		Release|Any CPU = Release|Any CPU
	EndGlobalSection
	GlobalSection(ProjectConfigurationPlatforms) = postSolution
		{AF4396A8-D0EA-4332-A9F1-612570D293FC}.Debug|Any CPU.ActiveCfg = Debug|Any CPU
		{AF4396A8-D0EA-4332-A9F1-612570D293FC}.Debug|Any CPU.Build.0 = Debug|Any CPU
		{AF4396A8-D0EA-4332-A9F1-612570D293FC}.Release|Any CPU.ActiveCfg = Release|Any CPU
		{AF4396A8-D0EA-4332-A9F1-612570D293FC}.Release|Any CPU.Build.0 = Release|Any CPU
		{5E5D4DA2-8214-46C4-8896-8E59A255E2B6}.Debug|Any CPU.ActiveCfg = Debug|Any CPU
		{5E5D4DA2-8214-46C4-8896-8E59A255E2B6}.Debug|Any CPU.Build.0 = Debug|Any CPU
		{5E5D4DA2-8214-46C4-8896-8E59A255E2B6}.Release|Any CPU.ActiveCfg = Release|Any CPU
		{5E5D4DA2-8214-46C4-8896-8E59A255E2B6}.Release|Any CPU.Build.0 = Release|Any CPU
	EndGlobalSection
	GlobalSection(SolutionProperties) = preSolution
		HideSolutionNode = FALSE
	EndGlobalSection
	GlobalSection(ExtensibilityGlobals) = postSolution
		SolutionGuid = {FA55D36F-FC2C-4482-95B4-830218AFE096}
	EndGlobalSection
EndGlobal
